
Microsoft Visual Studio Solution File, Format Version 12.00
# Visual Studio 15
VisualStudioVersion = 15.0.27428.2043
MinimumVisualStudioVersion = 10.0.40219.1
Project("{FAE04EC0-301F-11D3-BF4B-00C04F79EFBC}") = "Xamarin_Tutor_All.Android", "Xamarin_Tutor_All\Xamarin_Tutor_All.Android\Xamarin_Tutor_All.Android.csproj", "{C02998EA-0F7C-4CAC-90A2-9B8D131DA90B}"
EndProject
Project("{FAE04EC0-301F-11D3-BF4B-00C04F79EFBC}") = "Xamarin_Tutor_All.iOS", "Xamarin_Tutor_All\Xamarin_Tutor_All.iOS\Xamarin_Tutor_All.iOS.csproj", "{512BB650-2634-4D6C-8498-9D8A8CC18B27}"
EndProject
Project("{FAE04EC0-301F-11D3-BF4B-00C04F79EFBC}") = "Xamarin_Tutor_All.UWP", "Xamarin_Tutor_All\Xamarin_Tutor_All.UWP\Xamarin_Tutor_All.UWP.csproj", "{FA7C78C5-A8F6-4D68-AADF-8ECFBC1D0FCE}"
EndProject
Project("{D954291E-2A0B-460D-934E-DC6B0785DB48}") = "Xamarin_Tutor_All", "Xamarin_Tutor_All\Xamarin_Tutor_All\Xamarin_Tutor_All.shproj", "{1CBF40DE-47AA-4556-8644-FA382A444B1A}"
EndProject
Global
	GlobalSection(SharedMSBuildProjectFiles) = preSolution
		Xamarin_Tutor_All\Xamarin_Tutor_All\Xamarin_Tutor_All.projitems*{1cbf40de-47aa-4556-8644-fa382a444b1a}*SharedItemsImports = 13
		Xamarin_Tutor_All\Xamarin_Tutor_All\Xamarin_Tutor_All.projitems*{512bb650-2634-4d6c-8498-9d8a8cc18b27}*SharedItemsImports = 4
		Xamarin_Tutor_All\Xamarin_Tutor_All\Xamarin_Tutor_All.projitems*{c02998ea-0f7c-4cac-90a2-9b8d131da90b}*SharedItemsImports = 4
		Xamarin_Tutor_All\Xamarin_Tutor_All\Xamarin_Tutor_All.projitems*{fa7c78c5-a8f6-4d68-aadf-8ecfbc1d0fce}*SharedItemsImports = 4
	EndGlobalSection
	GlobalSection(SolutionConfigurationPlatforms) = preSolution
		Ad-Hoc|Any CPU = Ad-Hoc|Any CPU
		Ad-Hoc|ARM = Ad-Hoc|ARM
		Ad-Hoc|iPhone = Ad-Hoc|iPhone
		Ad-Hoc|iPhoneSimulator = Ad-Hoc|iPhoneSimulator
		Ad-Hoc|x64 = Ad-Hoc|x64
		Ad-Hoc|x86 = Ad-Hoc|x86
		AppStore|Any CPU = AppStore|Any CPU
		AppStore|ARM = AppStore|ARM
		AppStore|iPhone = AppStore|iPhone
		AppStore|iPhoneSimulator = AppStore|iPhoneSimulator
		AppStore|x64 = AppStore|x64
		AppStore|x86 = AppStore|x86
		Debug|Any CPU = Debug|Any CPU
		Debug|ARM = Debug|ARM
		Debug|iPhone = Debug|iPhone
		Debug|iPhoneSimulator = Debug|iPhoneSimulator
		Debug|x64 = Debug|x64
		Debug|x86 = Debug|x86
		Release|Any CPU = Release|Any CPU
		Release|ARM = Release|ARM
		Release|iPhone = Release|iPhone
		Release|iPhoneSimulator = Release|iPhoneSimulator
		Release|x64 = Release|x64
		Release|x86 = Release|x86
	EndGlobalSection
	GlobalSection(ProjectConfigurationPlatforms) = postSolution
		{C02998EA-0F7C-4CAC-90A2-9B8D131DA90B}.Ad-Hoc|Any CPU.ActiveCfg = Release|Any CPU
		{C02998EA-0F7C-4CAC-90A2-9B8D131DA90B}.Ad-Hoc|Any CPU.Build.0 = Release|Any CPU
		{C02998EA-0F7C-4CAC-90A2-9B8D131DA90B}.Ad-Hoc|Any CPU.Deploy.0 = Release|Any CPU
		{C02998EA-0F7C-4CAC-90A2-9B8D131DA90B}.Ad-Hoc|ARM.ActiveCfg = Release|Any CPU
		{C02998EA-0F7C-4CAC-90A2-9B8D131DA90B}.Ad-Hoc|ARM.Build.0 = Release|Any CPU
		{C02998EA-0F7C-4CAC-90A2-9B8D131DA90B}.Ad-Hoc|ARM.Deploy.0 = Release|Any CPU
		{C02998EA-0F7C-4CAC-90A2-9B8D131DA90B}.Ad-Hoc|iPhone.ActiveCfg = Release|Any CPU
		{C02998EA-0F7C-4CAC-90A2-9B8D131DA90B}.Ad-Hoc|iPhone.Build.0 = Release|Any CPU
		{C02998EA-0F7C-4CAC-90A2-9B8D131DA90B}.Ad-Hoc|iPhone.Deploy.0 = Release|Any CPU
		{C02998EA-0F7C-4CAC-90A2-9B8D131DA90B}.Ad-Hoc|iPhoneSimulator.ActiveCfg = Release|Any CPU
		{C02998EA-0F7C-4CAC-90A2-9B8D131DA90B}.Ad-Hoc|iPhoneSimulator.Build.0 = Release|Any CPU
		{C02998EA-0F7C-4CAC-90A2-9B8D131DA90B}.Ad-Hoc|iPhoneSimulator.Deploy.0 = Release|Any CPU
		{C02998EA-0F7C-4CAC-90A2-9B8D131DA90B}.Ad-Hoc|x64.ActiveCfg = Release|Any CPU
		{C02998EA-0F7C-4CAC-90A2-9B8D131DA90B}.Ad-Hoc|x64.Build.0 = Release|Any CPU
		{C02998EA-0F7C-4CAC-90A2-9B8D131DA90B}.Ad-Hoc|x64.Deploy.0 = Release|Any CPU
		{C02998EA-0F7C-4CAC-90A2-9B8D131DA90B}.Ad-Hoc|x86.ActiveCfg = Release|Any CPU
		{C02998EA-0F7C-4CAC-90A2-9B8D131DA90B}.Ad-Hoc|x86.Build.0 = Release|Any CPU
		{C02998EA-0F7C-4CAC-90A2-9B8D131DA90B}.Ad-Hoc|x86.Deploy.0 = Release|Any CPU
		{C02998EA-0F7C-4CAC-90A2-9B8D131DA90B}.AppStore|Any CPU.ActiveCfg = Release|Any CPU
		{C02998EA-0F7C-4CAC-90A2-9B8D131DA90B}.AppStore|Any CPU.Build.0 = Release|Any CPU
		{C02998EA-0F7C-4CAC-90A2-9B8D131DA90B}.AppStore|Any CPU.Deploy.0 = Release|Any CPU
		{C02998EA-0F7C-4CAC-90A2-9B8D131DA90B}.AppStore|ARM.ActiveCfg = Release|Any CPU
		{C02998EA-0F7C-4CAC-90A2-9B8D131DA90B}.AppStore|ARM.Build.0 = Release|Any CPU
		{C02998EA-0F7C-4CAC-90A2-9B8D131DA90B}.AppStore|ARM.Deploy.0 = Release|Any CPU
		{C02998EA-0F7C-4CAC-90A2-9B8D131DA90B}.AppStore|iPhone.ActiveCfg = Release|Any CPU
		{C02998EA-0F7C-4CAC-90A2-9B8D131DA90B}.AppStore|iPhone.Build.0 = Release|Any CPU
		{C02998EA-0F7C-4CAC-90A2-9B8D131DA90B}.AppStore|iPhone.Deploy.0 = Release|Any CPU
		{C02998EA-0F7C-4CAC-90A2-9B8D131DA90B}.AppStore|iPhoneSimulator.ActiveCfg = Release|Any CPU
		{C02998EA-0F7C-4CAC-90A2-9B8D131DA90B}.AppStore|iPhoneSimulator.Build.0 = Release|Any CPU
		{C02998EA-0F7C-4CAC-90A2-9B8D131DA90B}.AppStore|iPhoneSimulator.Deploy.0 = Release|Any CPU
		{C02998EA-0F7C-4CAC-90A2-9B8D131DA90B}.AppStore|x64.ActiveCfg = Release|Any CPU
		{C02998EA-0F7C-4CAC-90A2-9B8D131DA90B}.AppStore|x64.Build.0 = Release|Any CPU
		{C02998EA-0F7C-4CAC-90A2-9B8D131DA90B}.AppStore|x64.Deploy.0 = Release|Any CPU
		{C02998EA-0F7C-4CAC-90A2-9B8D131DA90B}.AppStore|x86.ActiveCfg = Release|Any CPU
		{C02998EA-0F7C-4CAC-90A2-9B8D131DA90B}.AppStore|x86.Build.0 = Release|Any CPU
		{C02998EA-0F7C-4CAC-90A2-9B8D131DA90B}.AppStore|x86.Deploy.0 = Release|Any CPU
		{C02998EA-0F7C-4CAC-90A2-9B8D131DA90B}.Debug|Any CPU.ActiveCfg = Debug|Any CPU
		{C02998EA-0F7C-4CAC-90A2-9B8D131DA90B}.Debug|Any CPU.Build.0 = Debug|Any CPU
		{C02998EA-0F7C-4CAC-90A2-9B8D131DA90B}.Debug|Any CPU.Deploy.0 = Debug|Any CPU
		{C02998EA-0F7C-4CAC-90A2-9B8D131DA90B}.Debug|ARM.ActiveCfg = Debug|Any CPU
		{C02998EA-0F7C-4CAC-90A2-9B8D131DA90B}.Debug|ARM.Build.0 = Debug|Any CPU
		{C02998EA-0F7C-4CAC-90A2-9B8D131DA90B}.Debug|ARM.Deploy.0 = Debug|Any CPU
		{C02998EA-0F7C-4CAC-90A2-9B8D131DA90B}.Debug|iPhone.ActiveCfg = Debug|Any CPU
		{C02998EA-0F7C-4CAC-90A2-9B8D131DA90B}.Debug|iPhone.Build.0 = Debug|Any CPU
		{C02998EA-0F7C-4CAC-90A2-9B8D131DA90B}.Debug|iPhone.Deploy.0 = Debug|Any CPU
		{C02998EA-0F7C-4CAC-90A2-9B8D131DA90B}.Debug|iPhoneSimulator.ActiveCfg = Debug|Any CPU
		{C02998EA-0F7C-4CAC-90A2-9B8D131DA90B}.Debug|iPhoneSimulator.Build.0 = Debug|Any CPU
		{C02998EA-0F7C-4CAC-90A2-9B8D131DA90B}.Debug|iPhoneSimulator.Deploy.0 = Debug|Any CPU
		{C02998EA-0F7C-4CAC-90A2-9B8D131DA90B}.Debug|x64.ActiveCfg = Debug|Any CPU
		{C02998EA-0F7C-4CAC-90A2-9B8D131DA90B}.Debug|x64.Build.0 = Debug|Any CPU
		{C02998EA-0F7C-4CAC-90A2-9B8D131DA90B}.Debug|x64.Deploy.0 = Debug|Any CPU
		{C02998EA-0F7C-4CAC-90A2-9B8D131DA90B}.Debug|x86.ActiveCfg = Debug|Any CPU
		{C02998EA-0F7C-4CAC-90A2-9B8D131DA90B}.Debug|x86.Build.0 = Debug|Any CPU
		{C02998EA-0F7C-4CAC-90A2-9B8D131DA90B}.Debug|x86.Deploy.0 = Debug|Any CPU
		{C02998EA-0F7C-4CAC-90A2-9B8D131DA90B}.Release|Any CPU.ActiveCfg = Release|Any CPU
		{C02998EA-0F7C-4CAC-90A2-9B8D131DA90B}.Release|Any CPU.Build.0 = Release|Any CPU
		{C02998EA-0F7C-4CAC-90A2-9B8D131DA90B}.Release|Any CPU.Deploy.0 = Release|Any CPU
		{C02998EA-0F7C-4CAC-90A2-9B8D131DA90B}.Release|ARM.ActiveCfg = Release|Any CPU
		{C02998EA-0F7C-4CAC-90A2-9B8D131DA90B}.Release|ARM.Build.0 = Release|Any CPU
		{C02998EA-0F7C-4CAC-90A2-9B8D131DA90B}.Release|ARM.Deploy.0 = Release|Any CPU
		{C02998EA-0F7C-4CAC-90A2-9B8D131DA90B}.Release|iPhone.ActiveCfg = Release|Any CPU
		{C02998EA-0F7C-4CAC-90A2-9B8D131DA90B}.Release|iPhone.Build.0 = Release|Any CPU
		{C02998EA-0F7C-4CAC-90A2-9B8D131DA90B}.Release|iPhone.Deploy.0 = Release|Any CPU
		{C02998EA-0F7C-4CAC-90A2-9B8D131DA90B}.Release|iPhoneSimulator.ActiveCfg = Release|Any CPU
		{C02998EA-0F7C-4CAC-90A2-9B8D131DA90B}.Release|iPhoneSimulator.Build.0 = Release|Any CPU
		{C02998EA-0F7C-4CAC-90A2-9B8D131DA90B}.Release|iPhoneSimulator.Deploy.0 = Release|Any CPU
		{C02998EA-0F7C-4CAC-90A2-9B8D131DA90B}.Release|x64.ActiveCfg = Release|Any CPU
		{C02998EA-0F7C-4CAC-90A2-9B8D131DA90B}.Release|x64.Build.0 = Release|Any CPU
		{C02998EA-0F7C-4CAC-90A2-9B8D131DA90B}.Release|x64.Deploy.0 = Release|Any CPU
		{C02998EA-0F7C-4CAC-90A2-9B8D131DA90B}.Release|x86.ActiveCfg = Release|Any CPU
		{C02998EA-0F7C-4CAC-90A2-9B8D131DA90B}.Release|x86.Build.0 = Release|Any CPU
		{C02998EA-0F7C-4CAC-90A2-9B8D131DA90B}.Release|x86.Deploy.0 = Release|Any CPU
		{512BB650-2634-4D6C-8498-9D8A8CC18B27}.Ad-Hoc|Any CPU.ActiveCfg = Ad-Hoc|iPhone
		{512BB650-2634-4D6C-8498-9D8A8CC18B27}.Ad-Hoc|ARM.ActiveCfg = Ad-Hoc|iPhone
		{512BB650-2634-4D6C-8498-9D8A8CC18B27}.Ad-Hoc|iPhone.ActiveCfg = Ad-Hoc|iPhone
		{512BB650-2634-4D6C-8498-9D8A8CC18B27}.Ad-Hoc|iPhone.Build.0 = Ad-Hoc|iPhone
		{512BB650-2634-4D6C-8498-9D8A8CC18B27}.Ad-Hoc|iPhoneSimulator.ActiveCfg = Ad-Hoc|iPhoneSimulator
		{512BB650-2634-4D6C-8498-9D8A8CC18B27}.Ad-Hoc|iPhoneSimulator.Build.0 = Ad-Hoc|iPhoneSimulator
		{512BB650-2634-4D6C-8498-9D8A8CC18B27}.Ad-Hoc|x64.ActiveCfg = Ad-Hoc|iPhone
		{512BB650-2634-4D6C-8498-9D8A8CC18B27}.Ad-Hoc|x86.ActiveCfg = Ad-Hoc|iPhone
		{512BB650-2634-4D6C-8498-9D8A8CC18B27}.AppStore|Any CPU.ActiveCfg = AppStore|iPhone
		{512BB650-2634-4D6C-8498-9D8A8CC18B27}.AppStore|ARM.ActiveCfg = AppStore|iPhone
		{512BB650-2634-4D6C-8498-9D8A8CC18B27}.AppStore|iPhone.ActiveCfg = AppStore|iPhone
		{512BB650-2634-4D6C-8498-9D8A8CC18B27}.AppStore|iPhone.Build.0 = AppStore|iPhone
		{512BB650-2634-4D6C-8498-9D8A8CC18B27}.AppStore|iPhoneSimulator.ActiveCfg = AppStore|iPhoneSimulator
		{512BB650-2634-4D6C-8498-9D8A8CC18B27}.AppStore|iPhoneSimulator.Build.0 = AppStore|iPhoneSimulator
		{512BB650-2634-4D6C-8498-9D8A8CC18B27}.AppStore|x64.ActiveCfg = AppStore|iPhone
		{512BB650-2634-4D6C-8498-9D8A8CC18B27}.AppStore|x86.ActiveCfg = AppStore|iPhone
		{512BB650-2634-4D6C-8498-9D8A8CC18B27}.Debug|Any CPU.ActiveCfg = Debug|iPhone
		{512BB650-2634-4D6C-8498-9D8A8CC18B27}.Debug|ARM.ActiveCfg = Debug|iPhone
		{512BB650-2634-4D6C-8498-9D8A8CC18B27}.Debug|iPhone.ActiveCfg = Debug|iPhone
		{512BB650-2634-4D6C-8498-9D8A8CC18B27}.Debug|iPhone.Build.0 = Debug|iPhone
		{512BB650-2634-4D6C-8498-9D8A8CC18B27}.Debug|iPhoneSimulator.ActiveCfg = Debug|iPhoneSimulator
		{512BB650-2634-4D6C-8498-9D8A8CC18B27}.Debug|iPhoneSimulator.Build.0 = Debug|iPhoneSimulator
		{512BB650-2634-4D6C-8498-9D8A8CC18B27}.Debug|x64.ActiveCfg = Debug|iPhone
		{512BB650-2634-4D6C-8498-9D8A8CC18B27}.Debug|x86.ActiveCfg = Debug|iPhone
		{512BB650-2634-4D6C-8498-9D8A8CC18B27}.Release|Any CPU.ActiveCfg = Release|iPhone
		{512BB650-2634-4D6C-8498-9D8A8CC18B27}.Release|ARM.ActiveCfg = Release|iPhone
		{512BB650-2634-4D6C-8498-9D8A8CC18B27}.Release|iPhone.ActiveCfg = Release|iPhone
		{512BB650-2634-4D6C-8498-9D8A8CC18B27}.Release|iPhone.Build.0 = Release|iPhone
		{512BB650-2634-4D6C-8498-9D8A8CC18B27}.Release|iPhoneSimulator.ActiveCfg = Release|iPhoneSimulator
		{512BB650-2634-4D6C-8498-9D8A8CC18B27}.Release|iPhoneSimulator.Build.0 = Release|iPhoneSimulator
		{512BB650-2634-4D6C-8498-9D8A8CC18B27}.Release|x64.ActiveCfg = Release|iPhone
		{512BB650-2634-4D6C-8498-9D8A8CC18B27}.Release|x86.ActiveCfg = Release|iPhone
		{FA7C78C5-A8F6-4D68-AADF-8ECFBC1D0FCE}.Ad-Hoc|Any CPU.ActiveCfg = Release|x86
		{FA7C78C5-A8F6-4D68-AADF-8ECFBC1D0FCE}.Ad-Hoc|Any CPU.Build.0 = Release|x86
		{FA7C78C5-A8F6-4D68-AADF-8ECFBC1D0FCE}.Ad-Hoc|Any CPU.Deploy.0 = Release|x86
		{FA7C78C5-A8F6-4D68-AADF-8ECFBC1D0FCE}.Ad-Hoc|ARM.ActiveCfg = Release|ARM
		{FA7C78C5-A8F6-4D68-AADF-8ECFBC1D0FCE}.Ad-Hoc|ARM.Build.0 = Release|ARM
		{FA7C78C5-A8F6-4D68-AADF-8ECFBC1D0FCE}.Ad-Hoc|ARM.Deploy.0 = Release|ARM
		{FA7C78C5-A8F6-4D68-AADF-8ECFBC1D0FCE}.Ad-Hoc|iPhone.ActiveCfg = Release|x86
		{FA7C78C5-A8F6-4D68-AADF-8ECFBC1D0FCE}.Ad-Hoc|iPhone.Build.0 = Release|x86
		{FA7C78C5-A8F6-4D68-AADF-8ECFBC1D0FCE}.Ad-Hoc|iPhone.Deploy.0 = Release|x86
		{FA7C78C5-A8F6-4D68-AADF-8ECFBC1D0FCE}.Ad-Hoc|iPhoneSimulator.ActiveCfg = Release|x86
		{FA7C78C5-A8F6-4D68-AADF-8ECFBC1D0FCE}.Ad-Hoc|iPhoneSimulator.Build.0 = Release|x86
		{FA7C78C5-A8F6-4D68-AADF-8ECFBC1D0FCE}.Ad-Hoc|iPhoneSimulator.Deploy.0 = Release|x86
		{FA7C78C5-A8F6-4D68-AADF-8ECFBC1D0FCE}.Ad-Hoc|x64.ActiveCfg = Release|x64
		{FA7C78C5-A8F6-4D68-AADF-8ECFBC1D0FCE}.Ad-Hoc|x64.Build.0 = Release|x64
		{FA7C78C5-A8F6-4D68-AADF-8ECFBC1D0FCE}.Ad-Hoc|x64.Deploy.0 = Release|x64
		{FA7C78C5-A8F6-4D68-AADF-8ECFBC1D0FCE}.Ad-Hoc|x86.ActiveCfg = Release|x86
		{FA7C78C5-A8F6-4D68-AADF-8ECFBC1D0FCE}.Ad-Hoc|x86.Build.0 = Release|x86
		{FA7C78C5-A8F6-4D68-AADF-8ECFBC1D0FCE}.Ad-Hoc|x86.Deploy.0 = Release|x86
		{FA7C78C5-A8F6-4D68-AADF-8ECFBC1D0FCE}.AppStore|Any CPU.ActiveCfg = Release|x86
		{FA7C78C5-A8F6-4D68-AADF-8ECFBC1D0FCE}.AppStore|Any CPU.Build.0 = Release|x86
		{FA7C78C5-A8F6-4D68-AADF-8ECFBC1D0FCE}.AppStore|Any CPU.Deploy.0 = Release|x86
		{FA7C78C5-A8F6-4D68-AADF-8ECFBC1D0FCE}.AppStore|ARM.ActiveCfg = Release|ARM
		{FA7C78C5-A8F6-4D68-AADF-8ECFBC1D0FCE}.AppStore|ARM.Build.0 = Release|ARM
		{FA7C78C5-A8F6-4D68-AADF-8ECFBC1D0FCE}.AppStore|ARM.Deploy.0 = Release|ARM
		{FA7C78C5-A8F6-4D68-AADF-8ECFBC1D0FCE}.AppStore|iPhone.ActiveCfg = Release|x86
		{FA7C78C5-A8F6-4D68-AADF-8ECFBC1D0FCE}.AppStore|iPhone.Build.0 = Release|x86
		{FA7C78C5-A8F6-4D68-AADF-8ECFBC1D0FCE}.AppStore|iPhone.Deploy.0 = Release|x86
		{FA7C78C5-A8F6-4D68-AADF-8ECFBC1D0FCE}.AppStore|iPhoneSimulator.ActiveCfg = Release|x86
		{FA7C78C5-A8F6-4D68-AADF-8ECFBC1D0FCE}.AppStore|iPhoneSimulator.Build.0 = Release|x86
		{FA7C78C5-A8F6-4D68-AADF-8ECFBC1D0FCE}.AppStore|iPhoneSimulator.Deploy.0 = Release|x86
		{FA7C78C5-A8F6-4D68-AADF-8ECFBC1D0FCE}.AppStore|x64.ActiveCfg = Release|x64
		{FA7C78C5-A8F6-4D68-AADF-8ECFBC1D0FCE}.AppStore|x64.Build.0 = Release|x64
		{FA7C78C5-A8F6-4D68-AADF-8ECFBC1D0FCE}.AppStore|x64.Deploy.0 = Release|x64
		{FA7C78C5-A8F6-4D68-AADF-8ECFBC1D0FCE}.AppStore|x86.ActiveCfg = Release|x86
		{FA7C78C5-A8F6-4D68-AADF-8ECFBC1D0FCE}.AppStore|x86.Build.0 = Release|x86
		{FA7C78C5-A8F6-4D68-AADF-8ECFBC1D0FCE}.AppStore|x86.Deploy.0 = Release|x86
		{FA7C78C5-A8F6-4D68-AADF-8ECFBC1D0FCE}.Debug|Any CPU.ActiveCfg = Debug|x86
		{FA7C78C5-A8F6-4D68-AADF-8ECFBC1D0FCE}.Debug|ARM.ActiveCfg = Debug|ARM
		{FA7C78C5-A8F6-4D68-AADF-8ECFBC1D0FCE}.Debug|ARM.Build.0 = Debug|ARM
		{FA7C78C5-A8F6-4D68-AADF-8ECFBC1D0FCE}.Debug|ARM.Deploy.0 = Debug|ARM
		{FA7C78C5-A8F6-4D68-AADF-8ECFBC1D0FCE}.Debug|iPhone.ActiveCfg = Debug|x86
		{FA7C78C5-A8F6-4D68-AADF-8ECFBC1D0FCE}.Debug|iPhoneSimulator.ActiveCfg = Debug|x86
		{FA7C78C5-A8F6-4D68-AADF-8ECFBC1D0FCE}.Debug|x64.ActiveCfg = Debug|x64
		{FA7C78C5-A8F6-4D68-AADF-8ECFBC1D0FCE}.Debug|x64.Build.0 = Debug|x64
		{FA7C78C5-A8F6-4D68-AADF-8ECFBC1D0FCE}.Debug|x64.Deploy.0 = Debug|x64
		{FA7C78C5-A8F6-4D68-AADF-8ECFBC1D0FCE}.Debug|x86.ActiveCfg = Debug|x86
		{FA7C78C5-A8F6-4D68-AADF-8ECFBC1D0FCE}.Debug|x86.Build.0 = Debug|x86
		{FA7C78C5-A8F6-4D68-AADF-8ECFBC1D0FCE}.Debug|x86.Deploy.0 = Debug|x86
		{FA7C78C5-A8F6-4D68-AADF-8ECFBC1D0FCE}.Release|Any CPU.ActiveCfg = Release|x86
		{FA7C78C5-A8F6-4D68-AADF-8ECFBC1D0FCE}.Release|ARM.ActiveCfg = Release|ARM
		{FA7C78C5-A8F6-4D68-AADF-8ECFBC1D0FCE}.Release|ARM.Build.0 = Release|ARM
		{FA7C78C5-A8F6-4D68-AADF-8ECFBC1D0FCE}.Release|ARM.Deploy.0 = Release|ARM
		{FA7C78C5-A8F6-4D68-AADF-8ECFBC1D0FCE}.Release|iPhone.ActiveCfg = Release|x86
		{FA7C78C5-A8F6-4D68-AADF-8ECFBC1D0FCE}.Release|iPhoneSimulator.ActiveCfg = Release|x86
		{FA7C78C5-A8F6-4D68-AADF-8ECFBC1D0FCE}.Release|x64.ActiveCfg = Release|x64
		{FA7C78C5-A8F6-4D68-AADF-8ECFBC1D0FCE}.Release|x64.Build.0 = Release|x64
		{FA7C78C5-A8F6-4D68-AADF-8ECFBC1D0FCE}.Release|x64.Deploy.0 = Release|x64
		{FA7C78C5-A8F6-4D68-AADF-8ECFBC1D0FCE}.Release|x86.ActiveCfg = Release|x86
		{FA7C78C5-A8F6-4D68-AADF-8ECFBC1D0FCE}.Release|x86.Build.0 = Release|x86
		{FA7C78C5-A8F6-4D68-AADF-8ECFBC1D0FCE}.Release|x86.Deploy.0 = Release|x86
	EndGlobalSection
	GlobalSection(SolutionProperties) = preSolution
		HideSolutionNode = FALSE
	EndGlobalSection
	GlobalSection(ExtensibilityGlobals) = postSolution
		SolutionGuid = {33B177EB-AC56-4B1E-9E82-CC3C23831AC1}
	EndGlobalSection
EndGlobal
